
Microsoft Visual Studio Solution File, Format Version 12.00
# Visual Studio Version 16
VisualStudioVersion = 16.0.31515.178
MinimumVisualStudioVersion = 10.0.40219.1
Project("{8BC9CEB8-8B4A-11D0-8D11-00A0C91BC942}") = "Project1", "Project1\Project1.vcxproj", "{65063705-9619-43EB-B826-6EBE85A0D476}"
EndProject
Global
	GlobalSection(SolutionConfigurationPlatforms) = preSolution
		Debug|x64 = Debug|x64
		Debug|x86 = Debug|x86
		Release|x64 = Release|x64
		Release|x86 = Release|x86
	EndGlobalSection
	GlobalSection(ProjectConfigurationPlatforms) = postSolution
		{65063705-9619-43EB-B826-6EBE85A0D476}.Debug|x64.ActiveCfg = Debug|x64
		{65063705-9619-43EB-B826-6EBE85A0D476}.Debug|x64.Build.0 = Debug|x64
		{65063705-9619-43EB-B826-6EBE85A0D476}.Debug|x86.ActiveCfg = Debug|Win32
		{65063705-9619-43EB-B826-6EBE85A0D476}.Debug|x86.Build.0 = Debug|Win32
		{65063705-9619-43EB-B826-6EBE85A0D476}.Release|x64.ActiveCfg = Release|x64
		{65063705-9619-43EB-B826-6EBE85A0D476}.Release|x64.Build.0 = Release|x64
		{65063705-9619-43EB-B826-6EBE85A0D476}.Release|x86.ActiveCfg = Release|Win32
		{65063705-9619-43EB-B826-6EBE85A0D476}.Release|x86.Build.0 = Release|Win32
	EndGlobalSection
	GlobalSection(SolutionProperties) = preSolution
		HideSolutionNode = FALSE
	EndGlobalSection
	GlobalSection(ExtensibilityGlobals) = postSolution
		SolutionGuid = {459BEE9D-217E-4CAD-9B07-6A62D4D3B9B9}
	EndGlobalSection
EndGlobal
